
Microsoft Visual Studio Solution File, Format Version 12.00
# Visual Studio 2013
VisualStudioVersion = 12.0.21005.1
MinimumVisualStudioVersion = 10.0.40219.1
Project("{FAE04EC0-301F-11D3-BF4B-00C04F79EFBC}") = "percentage and grade", "percentage and grade\percentage and grade.csproj", "{9AF99A71-9990-4851-BD80-FBAC551D4DB9}"
EndProject
Project("{FAE04EC0-301F-11D3-BF4B-00C04F79EFBC}") = "sum of even and odd", "..\sum of even and odd\sum of even and odd\sum of even and odd.csproj", "{AC3E34E6-0962-48F6-997F-54DDF6DAE808}"
EndProject
Global
	GlobalSection(SolutionConfigurationPlatforms) = preSolution
		Debug|Any CPU = Debug|Any CPU
		Release|Any CPU = Release|Any CPU
	EndGlobalSection
	GlobalSection(ProjectConfigurationPlatforms) = postSolution
		{9AF99A71-9990-4851-BD80-FBAC551D4DB9}.Debug|Any CPU.ActiveCfg = Debug|Any CPU
		{9AF99A71-9990-4851-BD80-FBAC551D4DB9}.Debug|Any CPU.Build.0 = Debug|Any CPU
		{9AF99A71-9990-4851-BD80-FBAC551D4DB9}.Release|Any CPU.ActiveCfg = Release|Any CPU
		{9AF99A71-9990-4851-BD80-FBAC551D4DB9}.Release|Any CPU.Build.0 = Release|Any CPU
		{AC3E34E6-0962-48F6-997F-54DDF6DAE808}.Debug|Any CPU.ActiveCfg = Debug|Any CPU
		{AC3E34E6-0962-48F6-997F-54DDF6DAE808}.Debug|Any CPU.Build.0 = Debug|Any CPU
		{AC3E34E6-0962-48F6-997F-54DDF6DAE808}.Release|Any CPU.ActiveCfg = Release|Any CPU
		{AC3E34E6-0962-48F6-997F-54DDF6DAE808}.Release|Any CPU.Build.0 = Release|Any CPU
	EndGlobalSection
	GlobalSection(SolutionProperties) = preSolution
		HideSolutionNode = FALSE
	EndGlobalSection
EndGlobal
